// !$*UTF8*$!
{
	archiveVersion = 1;
	classes = {
	};
	objectVersion = 51;
	objects = {

/* Begin PBXBuildFile section */
		5B4D882727922D90005B09CF /* AppDelegate.swift in Sources */ = {isa = PBXBuildFile; fileRef = 5B4D882627922D90005B09CF /* AppDelegate.swift */; };
		5B4D882927922D90005B09CF /* SceneDelegate.swift in Sources */ = {isa = PBXBuildFile; fileRef = 5B4D882827922D90005B09CF /* SceneDelegate.swift */; };
		5B4D882B27922D90005B09CF /* ViewController.swift in Sources */ = {isa = PBXBuildFile; fileRef = 5B4D882A27922D90005B09CF /* ViewController.swift */; };
		5B4D882E27922D90005B09CF /* Main.storyboard in Resources */ = {isa = PBXBuildFile; fileRef = 5B4D882C27922D90005B09CF /* Main.storyboard */; };
		5B4D883027922D96005B09CF /* Assets.xcassets in Resources */ = {isa = PBXBuildFile; fileRef = 5B4D882F27922D96005B09CF /* Assets.xcassets */; };
		5B4D883327922D96005B09CF /* LaunchScreen.storyboard in Resources */ = {isa = PBXBuildFile; fileRef = 5B4D883127922D96005B09CF /* LaunchScreen.storyboard */; };
		5B4D883B27923CEC005B09CF /* MyAPIClient.swift in Sources */ = {isa = PBXBuildFile; fileRef = 5B4D883A27923CEC005B09CF /* MyAPIClient.swift */; };
		C0E6F244C7C4B302A6967A64 /* Pods_StripePractice.framework in Frameworks */ = {isa = PBXBuildFile; fileRef = 24CA8DE7825A585ADA29D195 /* Pods_StripePractice.framework */; };
/* End PBXBuildFile section */

/* Begin PBXFileReference section */
		24CA8DE7825A585ADA29D195 /* Pods_StripePractice.framework */ = {isa = PBXFileReference; explicitFileType = wrapper.framework; includeInIndex = 0; path = Pods_StripePractice.framework; sourceTree = BUILT_PRODUCTS_DIR; };
		5B4D882327922D90005B09CF /* StripePractice.app */ = {isa = PBXFileReference; explicitFileType = wrapper.application; includeInIndex = 0; path = StripePractice.app; sourceTree = BUILT_PRODUCTS_DIR; };
		5B4D882627922D90005B09CF /* AppDelegate.swift */ = {isa = PBXFileReference; lastKnownFileType = sourcecode.swift; path = AppDelegate.swift; sourceTree = "<group>"; };
		5B4D882827922D90005B09CF /* SceneDelegate.swift */ = {isa = PBXFileReference; lastKnownFileType = sourcecode.swift; path = SceneDelegate.swift; sourceTree = "<group>"; };
		5B4D882A27922D90005B09CF /* ViewController.swift */ = {isa = PBXFileReference; lastKnownFileType = sourcecode.swift; path = ViewController.swift; sourceTree = "<group>"; };
		5B4D882D27922D90005B09CF /* Base */ = {isa = PBXFileReference; lastKnownFileType = file.storyboard; name = Base; path = Base.lproj/Main.storyboard; sourceTree = "<group>"; };
		5B4D882F27922D96005B09CF /* Assets.xcassets */ = {isa = PBXFileReference; lastKnownFileType = folder.assetcatalog; path = Assets.xcassets; sourceTree = "<group>"; };
		5B4D883227922D96005B09CF /* Base */ = {isa = PBXFileReference; lastKnownFileType = file.storyboard; name = Base; path = Base.lproj/LaunchScreen.storyboard; sourceTree = "<group>"; };
		5B4D883427922D96005B09CF /* Info.plist */ = {isa = PBXFileReference; lastKnownFileType = text.plist.xml; path = Info.plist; sourceTree = "<group>"; };
		5B4D883A27923CEC005B09CF /* MyAPIClient.swift */ = {isa = PBXFileReference; lastKnownFileType = sourcecode.swift; path = MyAPIClient.swift; sourceTree = "<group>"; };
		DA70542344DA71311BD1EAC1 /* Pods-StripePractice.debug.xcconfig */ = {isa = PBXFileReference; includeInIndex = 1; lastKnownFileType = text.xcconfig; name = "Pods-StripePractice.debug.xcconfig"; path = "Target Support Files/Pods-StripePractice/Pods-StripePractice.debug.xcconfig"; sourceTree = "<group>"; };
		F7CDAD5643EB5D8C442DFA10 /* Pods-StripePractice.release.xcconfig */ = {isa = PBXFileReference; includeInIndex = 1; lastKnownFileType = text.xcconfig; name = "Pods-StripePractice.release.xcconfig"; path = "Target Support Files/Pods-StripePractice/Pods-StripePractice.release.xcconfig"; sourceTree = "<group>"; };
/* End PBXFileReference section */

/* Begin PBXFrameworksBuildPhase section */
		5B4D882027922D90005B09CF /* Frameworks */ = {
			isa = PBXFrameworksBuildPhase;
			buildActionMask = 2147483647;
			files = (
				C0E6F244C7C4B302A6967A64 /* Pods_StripePractice.framework in Frameworks */,
			);
			runOnlyForDeploymentPostprocessing = 0;
		};
/* End PBXFrameworksBuildPhase section */

/* Begin PBXGroup section */
		5B4D881A27922D90005B09CF = {
			isa = PBXGroup;
			children = (
				5B4D882527922D90005B09CF /* StripePractice */,
				5B4D882427922D90005B09CF /* Products */,
				66250D73EFCCD6F6CAA86519 /* Pods */,
				5FF895E4A2BD98DABDD39D7C /* Frameworks */,
			);
			sourceTree = "<group>";
		};
		5B4D882427922D90005B09CF /* Products */ = {
			isa = PBXGroup;
			children = (
				5B4D882327922D90005B09CF /* StripePractice.app */,
			);
			name = Products;
			sourceTree = "<group>";
		};
		5B4D882527922D90005B09CF /* StripePractice */ = {
			isa = PBXGroup;
			children = (
				5B4D882627922D90005B09CF /* AppDelegate.swift */,
				5B4D882827922D90005B09CF /* SceneDelegate.swift */,
				5B4D882A27922D90005B09CF /* ViewController.swift */,
				5B4D883A27923CEC005B09CF /* MyAPIClient.swift */,
				5B4D882C27922D90005B09CF /* Main.storyboard */,
				5B4D882F27922D96005B09CF /* Assets.xcassets */,
				5B4D883127922D96005B09CF /* LaunchScreen.storyboard */,
				5B4D883427922D96005B09CF /* Info.plist */,
			);
			path = StripePractice;
			sourceTree = "<group>";
		};
		5FF895E4A2BD98DABDD39D7C /* Frameworks */ = {
			isa = PBXGroup;
			children = (
				24CA8DE7825A585ADA29D195 /* Pods_StripePractice.framework */,
			);
			name = Frameworks;
			sourceTree = "<group>";
		};
		66250D73EFCCD6F6CAA86519 /* Pods */ = {
			isa = PBXGroup;
			children = (
				DA70542344DA71311BD1EAC1 /* Pods-StripePractice.debug.xcconfig */,
				F7CDAD5643EB5D8C442DFA10 /* Pods-StripePractice.release.xcconfig */,
			);
			path = Pods;
			sourceTree = "<group>";
		};
/* End PBXGroup section */

/* Begin PBXNativeTarget section */
		5B4D882227922D90005B09CF /* StripePractice */ = {
			isa = PBXNativeTarget;
			buildConfigurationList = 5B4D883727922D96005B09CF /* Build configuration list for PBXNativeTarget "StripePractice" */;
			buildPhases = (
				59F095761DD38A1E6095C5DE /* [CP] Check Pods Manifest.lock */,
				5B4D881F27922D90005B09CF /* Sources */,
				5B4D882027922D90005B09CF /* Frameworks */,
				5B4D882127922D90005B09CF /* Resources */,
				EB1A6DF6319A8C5362A75BCC /* [CP] Embed Pods Frameworks */,
			);
			buildRules = (
			);
			dependencies = (
			);
			name = StripePractice;
			productName = StripePractice;
			productReference = 5B4D882327922D90005B09CF /* StripePractice.app */;
			productType = "com.apple.product-type.application";
		};
/* End PBXNativeTarget section */

/* Begin PBXProject section */
		5B4D881B27922D90005B09CF /* Project object */ = {
			isa = PBXProject;
			attributes = {
				LastSwiftUpdateCheck = 1250;
				LastUpgradeCheck = 1250;
				TargetAttributes = {
					5B4D882227922D90005B09CF = {
						CreatedOnToolsVersion = 12.5.1;
					};
				};
			};
			buildConfigurationList = 5B4D881E27922D90005B09CF /* Build configuration list for PBXProject "StripePractice" */;
			compatibilityVersion = "Xcode 9.3";
			developmentRegion = en;
			hasScannedForEncodings = 0;
			knownRegions = (
				en,
				Base,
			);
			mainGroup = 5B4D881A27922D90005B09CF;
			productRefGroup = 5B4D882427922D90005B09CF /* Products */;
			projectDirPath = "";
			projectRoot = "";
			targets = (
				5B4D882227922D90005B09CF /* StripePractice */,
			);
		};
/* End PBXProject section */

/* Begin PBXResourcesBuildPhase section */
		5B4D882127922D90005B09CF /* Resources */ = {
			isa = PBXResourcesBuildPhase;
			buildActionMask = 2147483647;
			files = (
				5B4D883327922D96005B09CF /* LaunchScreen.storyboard in Resources */,
				5B4D883027922D96005B09CF /* Assets.xcassets in Resources */,
				5B4D882E27922D90005B09CF /* Main.storyboard in Resources */,
			);
			runOnlyForDeploymentPostprocessing = 0;
		};
/* End PBXResourcesBuildPhase section */

/* Begin PBXShellScriptBuildPhase section */
		59F095761DD38A1E6095C5DE /* [CP] Check Pods Manifest.lock */ = {
			isa = PBXShellScriptBuildPhase;
			buildActionMask = 2147483647;
			files = (
			);
			inputFileListPaths = (
			);
			inputPaths = (
				"${PODS_PODFILE_DIR_PATH}/Podfile.lock",
				"${PODS_ROOT}/Manifest.lock",
			);
			name = "[CP] Check Pods Manifest.lock";
			outputFileListPaths = (
			);
			outputPaths = (
				"$(DERIVED_FILE_DIR)/Pods-StripePractice-checkManifestLockResult.txt",
			);
			runOnlyForDeploymentPostprocessing = 0;
			shellPath = /bin/sh;
			shellScript = "diff \"${PODS_PODFILE_DIR_PATH}/Podfile.lock\" \"${PODS_ROOT}/Manifest.lock\" > /dev/null\nif [ $? != 0 ] ; then\n    # print error to STDERR\n    echo \"error: The sandbox is not in sync with the Podfile.lock. Run 'pod install' or update your CocoaPods installation.\" >&2\n    exit 1\nfi\n# This output is used by Xcode 'outputs' to avoid re-running this script phase.\necho \"SUCCESS\" > \"${SCRIPT_OUTPUT_FILE_0}\"\n";
			showEnvVarsInLog = 0;
		};
		EB1A6DF6319A8C5362A75BCC /* [CP] Embed Pods Frameworks */ = {
			isa = PBXShellScriptBuildPhase;
			buildActionMask = 2147483647;
			files = (
			);
			inputFileListPaths = (
				"${PODS_ROOT}/Target Support Files/Pods-StripePractice/Pods-StripePractice-frameworks-${CONFIGURATION}-input-files.xcfilelist",
			);
			name = "[CP] Embed Pods Frameworks";
			outputFileListPaths = (
				"${PODS_ROOT}/Target Support Files/Pods-StripePractice/Pods-StripePractice-frameworks-${CONFIGURATION}-output-files.xcfilelist",
			);
			runOnlyForDeploymentPostprocessing = 0;
			shellPath = /bin/sh;
			shellScript = "\"${PODS_ROOT}/Target Support Files/Pods-StripePractice/Pods-StripePractice-frameworks.sh\"\n";
			showEnvVarsInLog = 0;
		};
/* End PBXShellScriptBuildPhase section */

/* Begin PBXSourcesBuildPhase section */
		5B4D881F27922D90005B09CF /* Sources */ = {
			isa = PBXSourcesBuildPhase;
			buildActionMask = 2147483647;
			files = (
				5B4D882B27922D90005B09CF /* ViewController.swift in Sources */,
				5B4D882727922D90005B09CF /* AppDelegate.swift in Sources */,
				5B4D882927922D90005B09CF /* SceneDelegate.swift in Sources */,
				5B4D883B27923CEC005B09CF /* MyAPIClient.swift in Sources */,
			);
			runOnlyForDeploymentPostprocessing = 0;
		};
/* End PBXSourcesBuildPhase section */

/* Begin PBXVariantGroup section */
		5B4D882C27922D90005B09CF /* Main.storyboard */ = {
			isa = PBXVariantGroup;
			children = (
				5B4D882D27922D90005B09CF /* Base */,
			);
			name = Main.storyboard;
			sourceTree = "<group>";
		};
		5B4D883127922D96005B09CF /* LaunchScreen.storyboard */ = {
			isa = PBXVariantGroup;
			children = (
				5B4D883227922D96005B09CF /* Base */,
			);
			name = LaunchScreen.storyboard;
			sourceTree = "<group>";
		};
/* End PBXVariantGroup section */

/* Begin XCBuildConfiguration section */
		5B4D883527922D96005B09CF /* Debug */ = {
			isa = XCBuildConfiguration;
			buildSettings = {
				ALWAYS_SEARCH_USER_PATHS = NO;
				CLANG_ANALYZER_NONNULL = YES;
				CLANG_ANALYZER_NUMBER_OBJECT_CONVERSION = YES_AGGRESSIVE;
				CLANG_CXX_LANGUAGE_STANDARD = "gnu++14";
				CLANG_CXX_LIBRARY = "libc++";
				CLANG_ENABLE_MODULES = YES;
				CLANG_ENABLE_OBJC_ARC = YES;
				CLANG_ENABLE_OBJC_WEAK = YES;
				CLANG_WARN_BLOCK_CAPTURE_AUTORELEASING = YES;
				CLANG_WARN_BOOL_CONVERSION = YES;
				CLANG_WARN_COMMA = YES;
				CLANG_WARN_CONSTANT_CONVERSION = YES;
				CLANG_WARN_DEPRECATED_OBJC_IMPLEMENTATIONS = YES;
				CLANG_WARN_DIRECT_OBJC_ISA_USAGE = YES_ERROR;
				CLANG_WARN_DOCUMENTATION_COMMENTS = YES;
				CLANG_WARN_EMPTY_BODY = YES;
				CLANG_WARN_ENUM_CONVERSION = YES;
				CLANG_WARN_INFINITE_RECURSION = YES;
				CLANG_WARN_INT_CONVERSION = YES;
				CLANG_WARN_NON_LITERAL_NULL_CONVERSION = YES;
				CLANG_WARN_OBJC_IMPLICIT_RETAIN_SELF = YES;
				CLANG_WARN_OBJC_LITERAL_CONVERSION = YES;
				CLANG_WARN_OBJC_ROOT_CLASS = YES_ERROR;
				CLANG_WARN_QUOTED_INCLUDE_IN_FRAMEWORK_HEADER = YES;
				CLANG_WARN_RANGE_LOOP_ANALYSIS = YES;
				CLANG_WARN_STRICT_PROTOTYPES = YES;
				CLANG_WARN_SUSPICIOUS_MOVE = YES;
				CLANG_WARN_UNGUARDED_AVAILABILITY = YES_AGGRESSIVE;
				CLANG_WARN_UNREACHABLE_CODE = YES;
				CLANG_WARN__DUPLICATE_METHOD_MATCH = YES;
				COPY_PHASE_STRIP = NO;
				DEBUG_INFORMATION_FORMAT = dwarf;
				ENABLE_STRICT_OBJC_MSGSEND = YES;
				ENABLE_TESTABILITY = YES;
				GCC_C_LANGUAGE_STANDARD = gnu11;
				GCC_DYNAMIC_NO_PIC = NO;
				GCC_NO_COMMON_BLOCKS = YES;
				GCC_OPTIMIZATION_LEVEL = 0;
				GCC_PREPROCESSOR_DEFINITIONS = (
					"DEBUG=1",
					"$(inherited)",
				);
				GCC_WARN_64_TO_32_BIT_CONVERSION = YES;
				GCC_WARN_ABOUT_RETURN_TYPE = YES_ERROR;
				GCC_WARN_UNDECLARED_SELECTOR = YES;
				GCC_WARN_UNINITIALIZED_AUTOS = YES_AGGRESSIVE;
				GCC_WARN_UNUSED_FUNCTION = YES;
				GCC_WARN_UNUSED_VARIABLE = YES;
				IPHONEOS_DEPLOYMENT_TARGET = 14.5;
				MTL_ENABLE_DEBUG_INFO = INCLUDE_SOURCE;
				MTL_FAST_MATH = YES;
				ONLY_ACTIVE_ARCH = YES;
				SDKROOT = iphoneos;
				SWIFT_ACTIVE_COMPILATION_CONDITIONS = DEBUG;
				SWIFT_OPTIMIZATION_LEVEL = "-Onone";
			};
			name = Debug;
		};
		5B4D883627922D96005B09CF /* Release */ = {
			isa = XCBuildConfiguration;
			buildSettings = {
				ALWAYS_SEARCH_USER_PATHS = NO;
				CLANG_ANALYZER_NONNULL = YES;
				CLANG_ANALYZER_NUMBER_OBJECT_CONVERSION = YES_AGGRESSIVE;
				CLANG_CXX_LANGUAGE_STANDARD = "gnu++14";
				CLANG_CXX_LIBRARY = "libc++";
				CLANG_ENABLE_MODULES = YES;
				CLANG_ENABLE_OBJC_ARC = YES;
				CLANG_ENABLE_OBJC_WEAK = YES;
				CLANG_WARN_BLOCK_CAPTURE_AUTORELEASING = YES;
				CLANG_WARN_BOOL_CONVERSION = YES;
				CLANG_WARN_COMMA = YES;
				CLANG_WARN_CONSTANT_CONVERSION = YES;
				CLANG_WARN_DEPRECATED_OBJC_IMPLEMENTATIONS = YES;
				CLANG_WARN_DIRECT_OBJC_ISA_USAGE = YES_ERROR;
				CLANG_WARN_DOCUMENTATION_COMMENTS = YES;
				CLANG_WARN_EMPTY_BODY = YES;
				CLANG_WARN_ENUM_CONVERSION = YES;
				CLANG_WARN_INFINITE_RECURSION = YES;
				CLANG_WARN_INT_CONVERSION = YES;
				CLANG_WARN_NON_LITERAL_NULL_CONVERSION = YES;
				CLANG_WARN_OBJC_IMPLICIT_RETAIN_SELF = YES;
				CLANG_WARN_OBJC_LITERAL_CONVERSION = YES;
				CLANG_WARN_OBJC_ROOT_CLASS = YES_ERROR;
				CLANG_WARN_QUOTED_INCLUDE_IN_FRAMEWORK_HEADER = YES;
				CLANG_WARN_RANGE_LOOP_ANALYSIS = YES;
				CLANG_WARN_STRICT_PROTOTYPES = YES;
				CLANG_WARN_SUSPICIOUS_MOVE = YES;
				CLANG_WARN_UNGUARDED_AVAILABILITY = YES_AGGRESSIVE;
				CLANG_WARN_UNREACHABLE_CODE = YES;
				CLANG_WARN__DUPLICATE_METHOD_MATCH = YES;
				COPY_PHASE_STRIP = NO;
				DEBUG_INFORMATION_FORMAT = "dwarf-with-dsym";
				ENABLE_NS_ASSERTIONS = NO;
				ENABLE_STRICT_OBJC_MSGSEND = YES;
				GCC_C_LANGUAGE_STANDARD = gnu11;
				GCC_NO_COMMON_BLOCKS = YES;
				GCC_WARN_64_TO_32_BIT_CONVERSION = YES;
				GCC_WARN_ABOUT_RETURN_TYPE = YES_ERROR;
				GCC_WARN_UNDECLARED_SELECTOR = YES;
				GCC_WARN_UNINITIALIZED_AUTOS = YES_AGGRESSIVE;
				GCC_WARN_UNUSED_FUNCTION = YES;
				GCC_WARN_UNUSED_VARIABLE = YES;
				IPHONEOS_DEPLOYMENT_TARGET = 14.5;
				MTL_ENABLE_DEBUG_INFO = NO;
				MTL_FAST_MATH = YES;
				SDKROOT = iphoneos;
				SWIFT_COMPILATION_MODE = wholemodule;
				SWIFT_OPTIMIZATION_LEVEL = "-O";
				VALIDATE_PRODUCT = YES;
			};
			name = Release;
		};
		5B4D883827922D96005B09CF /* Debug */ = {
			isa = XCBuildConfiguration;
			baseConfigurationReference = DA70542344DA71311BD1EAC1 /* Pods-StripePractice.debug.xcconfig */;
			buildSettings = {
				ASSETCATALOG_COMPILER_APPICON_NAME = AppIcon;
				ASSETCATALOG_COMPILER_GLOBAL_ACCENT_COLOR_NAME = AccentColor;
				CODE_SIGN_STYLE = Automatic;
				DEVELOPMENT_TEAM = Q6UPGUWJF4;
				INFOPLIST_FILE = StripePractice/Info.plist;
				LD_RUNPATH_SEARCH_PATHS = (
					"$(inherited)",
					"@executable_path/Frameworks",
				);
				PRODUCT_BUNDLE_IDENTIFIER = com.sid.StripePractice;
				PRODUCT_NAME = "$(TARGET_NAME)";
				SWIFT_VERSION = 5.0;
				TARGETED_DEVICE_FAMILY = "1,2";
			};
			name = Debug;
		};
		5B4D883927922D96005B09CF /* Release */ = {
			isa = XCBuildConfiguration;
			baseConfigurationReference = F7CDAD5643EB5D8C442DFA10 /* Pods-StripePractice.release.xcconfig */;
			buildSettings = {
				ASSETCATALOG_COMPILER_APPICON_NAME = AppIcon;
				ASSETCATALOG_COMPILER_GLOBAL_ACCENT_COLOR_NAME = AccentColor;
				CODE_SIGN_STYLE = Automatic;
				DEVELOPMENT_TEAM = Q6UPGUWJF4;
				INFOPLIST_FILE = StripePractice/Info.plist;
				LD_RUNPATH_SEARCH_PATHS = (
					"$(inherited)",
					"@executable_path/Frameworks",
				);
				PRODUCT_BUNDLE_IDENTIFIER = com.sid.StripePractice;
				PRODUCT_NAME = "$(TARGET_NAME)";
				SWIFT_VERSION = 5.0;
				TARGETED_DEVICE_FAMILY = "1,2";
			};
			name = Release;
		};
/* End XCBuildConfiguration section */

/* Begin XCConfigurationList section */
		5B4D881E27922D90005B09CF /* Build configuration list for PBXProject "StripePractice" */ = {
			isa = XCConfigurationList;
			buildConfigurations = (
				5B4D883527922D96005B09CF /* Debug */,
				5B4D883627922D96005B09CF /* Release */,
			);
			defaultConfigurationIsVisible = 0;
			defaultConfigurationName = Release;
		};
		5B4D883727922D96005B09CF /* Build configuration list for PBXNativeTarget "StripePractice" */ = {
			isa = XCConfigurationList;
			buildConfigurations = (
				5B4D883827922D96005B09CF /* Debug */,
				5B4D883927922D96005B09CF /* Release */,
			);
			defaultConfigurationIsVisible = 0;
			defaultConfigurationName = Release;
		};
/* End XCConfigurationList section */
	};
	rootObject = 5B4D881B27922D90005B09CF /* Project object */;
}
